
Microsoft Visual Studio Solution File, Format Version 12.00
# Visual Studio Version 17
VisualStudioVersion = 17.1.31903.286
MinimumVisualStudioVersion = 10.0.40219.1
Project("{9A19103F-16F7-4668-BE54-9A1E7A4F7556}") = "SmartSkus.Core", "SmartSkus.Core\SmartSkus.Core.csproj", "{9A6D819F-9E68-46AC-8826-63BBED56ABDF}"
EndProject
Project("{9A19103F-16F7-4668-BE54-9A1E7A4F7556}") = "SmartSkus.Wasm", "SmartSkus.Wasm\SmartSkus.Wasm.csproj", "{ED5CFE30-FB16-4F37-9351-69081552A28F}"
EndProject
Project("{9A19103F-16F7-4668-BE54-9A1E7A4F7556}") = "SmartSkus.Shared", "SmartSkus.Shared\SmartSkus.Shared.csproj", "{CFA991D0-86CC-4852-AFBC-C04207DF2587}"
EndProject
Project("{9A19103F-16F7-4668-BE54-9A1E7A4F7556}") = "SmartSkus.Api", "SmartSkus.Api\SmartSkus.Api.csproj", "{9567457B-1013-4C73-B03D-A81750772F0F}"
EndProject
Project("{9A19103F-16F7-4668-BE54-9A1E7A4F7556}") = "SmartSkus.Api.UnitTest", "SmartSkus.Api.UnitTest\SmartSkus.Api.UnitTest.csproj", "{2CC1E0C7-AB81-4F17-A2FD-1DE9F54305D0}"
EndProject
Global
	GlobalSection(SolutionConfigurationPlatforms) = preSolution
		Debug|Any CPU = Debug|Any CPU
		Release|Any CPU = Release|Any CPU
	EndGlobalSection
	GlobalSection(ProjectConfigurationPlatforms) = postSolution
		{9A6D819F-9E68-46AC-8826-63BBED56ABDF}.Debug|Any CPU.ActiveCfg = Debug|Any CPU
		{9A6D819F-9E68-46AC-8826-63BBED56ABDF}.Debug|Any CPU.Build.0 = Debug|Any CPU
		{9A6D819F-9E68-46AC-8826-63BBED56ABDF}.Release|Any CPU.ActiveCfg = Release|Any CPU
		{9A6D819F-9E68-46AC-8826-63BBED56ABDF}.Release|Any CPU.Build.0 = Release|Any CPU
		{ED5CFE30-FB16-4F37-9351-69081552A28F}.Debug|Any CPU.ActiveCfg = Debug|Any CPU
		{ED5CFE30-FB16-4F37-9351-69081552A28F}.Debug|Any CPU.Build.0 = Debug|Any CPU
		{ED5CFE30-FB16-4F37-9351-69081552A28F}.Release|Any CPU.ActiveCfg = Release|Any CPU
		{ED5CFE30-FB16-4F37-9351-69081552A28F}.Release|Any CPU.Build.0 = Release|Any CPU
		{CFA991D0-86CC-4852-AFBC-C04207DF2587}.Debug|Any CPU.ActiveCfg = Debug|Any CPU
		{CFA991D0-86CC-4852-AFBC-C04207DF2587}.Debug|Any CPU.Build.0 = Debug|Any CPU
		{CFA991D0-86CC-4852-AFBC-C04207DF2587}.Release|Any CPU.ActiveCfg = Release|Any CPU
		{CFA991D0-86CC-4852-AFBC-C04207DF2587}.Release|Any CPU.Build.0 = Release|Any CPU
		{9567457B-1013-4C73-B03D-A81750772F0F}.Debug|Any CPU.ActiveCfg = Debug|Any CPU
		{9567457B-1013-4C73-B03D-A81750772F0F}.Debug|Any CPU.Build.0 = Debug|Any CPU
		{9567457B-1013-4C73-B03D-A81750772F0F}.Release|Any CPU.ActiveCfg = Release|Any CPU
		{9567457B-1013-4C73-B03D-A81750772F0F}.Release|Any CPU.Build.0 = Release|Any CPU
		{2CC1E0C7-AB81-4F17-A2FD-1DE9F54305D0}.Debug|Any CPU.ActiveCfg = Debug|Any CPU
		{2CC1E0C7-AB81-4F17-A2FD-1DE9F54305D0}.Debug|Any CPU.Build.0 = Debug|Any CPU
		{2CC1E0C7-AB81-4F17-A2FD-1DE9F54305D0}.Release|Any CPU.ActiveCfg = Release|Any CPU
		{2CC1E0C7-AB81-4F17-A2FD-1DE9F54305D0}.Release|Any CPU.Build.0 = Release|Any CPU
	EndGlobalSection
	GlobalSection(SolutionProperties) = preSolution
		HideSolutionNode = FALSE
	EndGlobalSection
	GlobalSection(ExtensibilityGlobals) = postSolution
		SolutionGuid = {85A6C315-A033-45D6-8825-9CED8F58C998}
	EndGlobalSection
EndGlobal
